
Microsoft Visual Studio Solution File, Format Version 12.00
# Visual Studio 15
VisualStudioVersion = 15.0.28010.2046
MinimumVisualStudioVersion = 10.0.40219.1
Project("{FAE04EC0-301F-11D3-BF4B-00C04F79EFBC}") = "R76074103_劉弘裕_期末專題_評估工作者於新聞標題分類正確度之監控視窗", "R76074103_劉弘裕_期末專題_評估工作者於新聞標題分類正確度之監控視窗\R76074103_劉弘裕_期末專題_評估工作者於新聞標題分類正確度之監控視窗.csproj", "{9EB48306-9C20-4582-B6C5-708F1F112AAA}"
EndProject
Global
	GlobalSection(SolutionConfigurationPlatforms) = preSolution
		Debug|Any CPU = Debug|Any CPU
		Release|Any CPU = Release|Any CPU
	EndGlobalSection
	GlobalSection(ProjectConfigurationPlatforms) = postSolution
		{9EB48306-9C20-4582-B6C5-708F1F112AAA}.Debug|Any CPU.ActiveCfg = Debug|Any CPU
		{9EB48306-9C20-4582-B6C5-708F1F112AAA}.Debug|Any CPU.Build.0 = Debug|Any CPU
		{9EB48306-9C20-4582-B6C5-708F1F112AAA}.Release|Any CPU.ActiveCfg = Release|Any CPU
		{9EB48306-9C20-4582-B6C5-708F1F112AAA}.Release|Any CPU.Build.0 = Release|Any CPU
	EndGlobalSection
	GlobalSection(SolutionProperties) = preSolution
		HideSolutionNode = FALSE
	EndGlobalSection
	GlobalSection(ExtensibilityGlobals) = postSolution
		SolutionGuid = {EA084F19-5530-4AC0-A289-E135474A60EC}
	EndGlobalSection
EndGlobal
